
Microsoft Visual Studio Solution File, Format Version 12.00
# Visual Studio Version 16
VisualStudioVersion = 16.0.30503.244
MinimumVisualStudioVersion = 10.0.40219.1
Project("{8BC9CEB8-8B4A-11D0-8D11-00A0C91BC942}") = "task1", "task1\task1.vcxproj", "{C338C6C7-3BA5-4C30-A063-4CADE5A82C03}"
EndProject
Project("{8BC9CEB8-8B4A-11D0-8D11-00A0C91BC942}") = "Task2", "Task2\Task2.vcxproj", "{780DC595-AA3F-435B-A4A2-5C2688394493}"
EndProject
Global
	GlobalSection(SolutionConfigurationPlatforms) = preSolution
		Debug|x64 = Debug|x64
		Debug|x86 = Debug|x86
		Release|x64 = Release|x64
		Release|x86 = Release|x86
	EndGlobalSection
	GlobalSection(ProjectConfigurationPlatforms) = postSolution
		{C338C6C7-3BA5-4C30-A063-4CADE5A82C03}.Debug|x64.ActiveCfg = Debug|x64
		{C338C6C7-3BA5-4C30-A063-4CADE5A82C03}.Debug|x64.Build.0 = Debug|x64
		{C338C6C7-3BA5-4C30-A063-4CADE5A82C03}.Debug|x86.ActiveCfg = Debug|Win32
		{C338C6C7-3BA5-4C30-A063-4CADE5A82C03}.Debug|x86.Build.0 = Debug|Win32
		{C338C6C7-3BA5-4C30-A063-4CADE5A82C03}.Release|x64.ActiveCfg = Release|x64
		{C338C6C7-3BA5-4C30-A063-4CADE5A82C03}.Release|x64.Build.0 = Release|x64
		{C338C6C7-3BA5-4C30-A063-4CADE5A82C03}.Release|x86.ActiveCfg = Release|Win32
		{C338C6C7-3BA5-4C30-A063-4CADE5A82C03}.Release|x86.Build.0 = Release|Win32
		{780DC595-AA3F-435B-A4A2-5C2688394493}.Debug|x64.ActiveCfg = Debug|x64
		{780DC595-AA3F-435B-A4A2-5C2688394493}.Debug|x64.Build.0 = Debug|x64
		{780DC595-AA3F-435B-A4A2-5C2688394493}.Debug|x86.ActiveCfg = Debug|Win32
		{780DC595-AA3F-435B-A4A2-5C2688394493}.Debug|x86.Build.0 = Debug|Win32
		{780DC595-AA3F-435B-A4A2-5C2688394493}.Release|x64.ActiveCfg = Release|x64
		{780DC595-AA3F-435B-A4A2-5C2688394493}.Release|x64.Build.0 = Release|x64
		{780DC595-AA3F-435B-A4A2-5C2688394493}.Release|x86.ActiveCfg = Release|Win32
		{780DC595-AA3F-435B-A4A2-5C2688394493}.Release|x86.Build.0 = Release|Win32
	EndGlobalSection
	GlobalSection(SolutionProperties) = preSolution
		HideSolutionNode = FALSE
	EndGlobalSection
	GlobalSection(ExtensibilityGlobals) = postSolution
		SolutionGuid = {BDC34580-1123-4AF0-97AA-D6979574D2E7}
	EndGlobalSection
EndGlobal
